
Microsoft Visual Studio Solution File, Format Version 12.00
# Visual Studio Version 17
VisualStudioVersion = 17.13.35806.99 d17.13
MinimumVisualStudioVersion = 10.0.40219.1
Project("{FAE04EC0-301F-11D3-BF4B-00C04F79EFBC}") = "Stakeholder", "src/Stakeholder.csproj", "{08F21C80-CCF7-91F0-729D-50A32671FCEA}"
EndProject
Global
	GlobalSection(SolutionConfigurationPlatforms) = preSolution
		Debug|Any CPU = Debug|Any CPU
		Release|Any CPU = Release|Any CPU
	EndGlobalSection
	GlobalSection(ProjectConfigurationPlatforms) = postSolution
		{08F21C80-CCF7-91F0-729D-50A32671FCEA}.Debug|Any CPU.ActiveCfg = Debug|Any CPU
		{08F21C80-CCF7-91F0-729D-50A32671FCEA}.Debug|Any CPU.Build.0 = Debug|Any CPU
		{08F21C80-CCF7-91F0-729D-50A32671FCEA}.Release|Any CPU.ActiveCfg = Release|Any CPU
		{08F21C80-CCF7-91F0-729D-50A32671FCEA}.Release|Any CPU.Build.0 = Release|Any CPU
	EndGlobalSection
	GlobalSection(SolutionProperties) = preSolution
		HideSolutionNode = FALSE
	EndGlobalSection
	GlobalSection(ExtensibilityGlobals) = postSolution
		SolutionGuid = {0182A95D-4E93-4CB4-8EC5-F512600F26D5}
	EndGlobalSection
EndGlobal
